
Microsoft Visual Studio Solution File, Format Version 12.00
# Visual Studio 15
VisualStudioVersion = 15.0.27428.2005
MinimumVisualStudioVersion = 10.0.40219.1
Project("{9A19103F-16F7-4668-BE54-9A1E7A4F7556}") = "SmartCon", "SmartCon\SmartCon.csproj", "{5ED3F12C-A77D-4030-82B2-BD728B4800CA}"
EndProject
Project("{FAE04EC0-301F-11D3-BF4B-00C04F79EFBC}") = "Demo", "Demo\Demo.csproj", "{0F53E958-8149-4B10-8299-B20AD491E68D}"
EndProject
Project("{FAE04EC0-301F-11D3-BF4B-00C04F79EFBC}") = "SmartConTests", "SmartConTests\SmartConTests.csproj", "{CFD21857-D2D4-499A-AA2E-0FE003396C20}"
EndProject
Project("{FAE04EC0-301F-11D3-BF4B-00C04F79EFBC}") = "DemoNPM", "DemoNPM\DemoNPM.csproj", "{ABB812E4-51D2-4F6E-BE3E-8D355F2385FD}"
EndProject
Project("{2150E333-8FDC-42A3-9474-1A3956D46DE8}") = "Solution Items", "Solution Items", "{41F001D5-6BD9-4930-B050-5C226AF28016}"
	ProjectSection(SolutionItems) = preProject
		README.md = README.md
	EndProjectSection
EndProject
Global
	GlobalSection(SolutionConfigurationPlatforms) = preSolution
		Debug|Any CPU = Debug|Any CPU
		Release|Any CPU = Release|Any CPU
	EndGlobalSection
	GlobalSection(ProjectConfigurationPlatforms) = postSolution
		{5ED3F12C-A77D-4030-82B2-BD728B4800CA}.Debug|Any CPU.ActiveCfg = Debug|Any CPU
		{5ED3F12C-A77D-4030-82B2-BD728B4800CA}.Debug|Any CPU.Build.0 = Debug|Any CPU
		{5ED3F12C-A77D-4030-82B2-BD728B4800CA}.Release|Any CPU.ActiveCfg = Release|Any CPU
		{5ED3F12C-A77D-4030-82B2-BD728B4800CA}.Release|Any CPU.Build.0 = Release|Any CPU
		{0F53E958-8149-4B10-8299-B20AD491E68D}.Debug|Any CPU.ActiveCfg = Debug|Any CPU
		{0F53E958-8149-4B10-8299-B20AD491E68D}.Debug|Any CPU.Build.0 = Debug|Any CPU
		{0F53E958-8149-4B10-8299-B20AD491E68D}.Release|Any CPU.ActiveCfg = Release|Any CPU
		{0F53E958-8149-4B10-8299-B20AD491E68D}.Release|Any CPU.Build.0 = Release|Any CPU
		{CFD21857-D2D4-499A-AA2E-0FE003396C20}.Debug|Any CPU.ActiveCfg = Debug|Any CPU
		{CFD21857-D2D4-499A-AA2E-0FE003396C20}.Debug|Any CPU.Build.0 = Debug|Any CPU
		{CFD21857-D2D4-499A-AA2E-0FE003396C20}.Release|Any CPU.ActiveCfg = Release|Any CPU
		{CFD21857-D2D4-499A-AA2E-0FE003396C20}.Release|Any CPU.Build.0 = Release|Any CPU
		{ABB812E4-51D2-4F6E-BE3E-8D355F2385FD}.Debug|Any CPU.ActiveCfg = Debug|Any CPU
		{ABB812E4-51D2-4F6E-BE3E-8D355F2385FD}.Debug|Any CPU.Build.0 = Debug|Any CPU
		{ABB812E4-51D2-4F6E-BE3E-8D355F2385FD}.Release|Any CPU.ActiveCfg = Release|Any CPU
		{ABB812E4-51D2-4F6E-BE3E-8D355F2385FD}.Release|Any CPU.Build.0 = Release|Any CPU
	EndGlobalSection
	GlobalSection(SolutionProperties) = preSolution
		HideSolutionNode = FALSE
	EndGlobalSection
	GlobalSection(ExtensibilityGlobals) = postSolution
		SolutionGuid = {A2E7FC86-8296-42A3-8CA1-14ABD050F42B}
	EndGlobalSection
EndGlobal
